[[package]]
name = "mypy"
version = "0.950"
description = "Optional static typing for Python"
category = "dev"
optional = false
python-versions = ">=3.6"

[package.dependencies]
mypy-extensions = ">=0.4.3"
tomli = {version = ">=1.1.0", markers = "python_version < \"3.11\""}
typing-extensions = ">=3.10"

[package.extras]
dmypy = ["psutil (>=4.0)"]
python2 = ["typed-ast (>=1.4.0,<2)"]
reports = ["lxml"]

[package.source]
type = "legacy"
url = "https://xlgmokha.jfrog.io/artifactory/api/pypi/xlg-pypi/simple"
reference = "jfrog"

[[package]]
name = "mypy-extensions"
version = "0.4.3"
description = "Experimental type system extensions for programs checked with the mypy typechecker."
category = "dev"
optional = false
python-versions = "*"

[package.source]
type = "legacy"
url = "https://xlgmokha.jfrog.io/artifactory/api/pypi/xlg-pypi/simple"
reference = "jfrog"

[[package]]
name = "six"
version = "1.16.0"
description = "Python 2 and 3 compatibility utilities"
category = "main"
optional = false
python-versions = ">=2.7, !=3.0.*, !=3.1.*, !=3.2.*"

[package.source]
type = "legacy"
url = "https://xlgmokha.jfrog.io/artifactory/api/pypi/xlg-pypi/simple"
reference = "jfrog"

[[package]]
name = "tomli"
version = "2.0.0"
description = "A lil' TOML parser"
category = "dev"
optional = false
python-versions = ">=3.7"

[package.source]
type = "legacy"
url = "https://xlgmokha.jfrog.io/artifactory/api/pypi/xlg-pypi/simple"
reference = "jfrog"

[[package]]
name = "typing-extensions"
version = "3.10.0.0"
description = "Backported and Experimental Type Hints for Python 3.5+"
category = "dev"
optional = false
python-versions = "*"

[package.source]
type = "legacy"
url = "https://xlgmokha.jfrog.io/artifactory/api/pypi/xlg-pypi/simple"
reference = "jfrog"

[[package]]
name = "zstd"
version = "1.5.2.5"
description = "ZSTD Bindings for Python"
category = "main"
optional = false
python-versions = "*"

[metadata]
lock-version = "1.1"
python-versions = "^3.9"
content-hash = "96a33196e78a6b4d0a4bcf6b2b5667f57819a56c395ad2bfb0944157a10314bb"

[metadata.files]
mypy = [
    {file = "mypy-0.950-cp310-cp310-macosx_10_9_universal2.whl", hash = "sha256:cf9c261958a769a3bd38c3e133801ebcd284ffb734ea12d01457cb09eacf7d7b"},
    {file = "mypy-0.950-cp310-cp310-macosx_10_9_x86_64.whl", hash = "sha256:b5b5bd0ffb11b4aba2bb6d31b8643902c48f990cc92fda4e21afac658044f0c0"},
    {file = "mypy-0.950-cp310-cp310-macosx_11_0_arm64.whl", hash = "sha256:5e7647df0f8fc947388e6251d728189cfadb3b1e558407f93254e35abc026e22"},
    {file = "mypy-0.950-cp310-cp310-manylinux_2_5_x86_64.manylinux1_x86_64.manylinux_2_12_x86_64.manylinux2010_x86_64.whl", hash = "sha256:eaff8156016487c1af5ffa5304c3e3fd183edcb412f3e9c72db349faf3f6e0eb"},
    {file = "mypy-0.950-cp310-cp310-win_amd64.whl", hash = "sha256:563514c7dc504698fb66bb1cf897657a173a496406f1866afae73ab5b3cdb334"},
    {file = "mypy-0.950-cp36-cp36m-macosx_10_9_x86_64.whl", hash = "sha256:dd4d670eee9610bf61c25c940e9ade2d0ed05eb44227275cce88701fee014b1f"},
    {file = "mypy-0.950-cp36-cp36m-manylinux_2_5_x86_64.manylinux1_x86_64.manylinux_2_12_x86_64.manylinux2010_x86_64.whl", hash = "sha256:ca75ecf2783395ca3016a5e455cb322ba26b6d33b4b413fcdedfc632e67941dc"},
    {file = "mypy-0.950-cp36-cp36m-win_amd64.whl", hash = "sha256:6003de687c13196e8a1243a5e4bcce617d79b88f83ee6625437e335d89dfebe2"},
    {file = "mypy-0.950-cp37-cp37m-macosx_10_9_x86_64.whl", hash = "sha256:4c653e4846f287051599ed8f4b3c044b80e540e88feec76b11044ddc5612ffed"},
    {file = "mypy-0.950-cp37-cp37m-manylinux_2_5_x86_64.manylinux1_x86_64.manylinux_2_12_x86_64.manylinux2010_x86_64.whl", hash = "sha256:e19736af56947addedce4674c0971e5dceef1b5ec7d667fe86bcd2b07f8f9075"},
    {file = "mypy-0.950-cp37-cp37m-win_amd64.whl", hash = "sha256:ef7beb2a3582eb7a9f37beaf38a28acfd801988cde688760aea9e6cc4832b10b"},
    {file = "mypy-0.950-cp38-cp38-macosx_10_9_universal2.whl", hash = "sha256:0112752a6ff07230f9ec2f71b0d3d4e088a910fdce454fdb6553e83ed0eced7d"},
    {file = "mypy-0.950-cp38-cp38-macosx_10_9_x86_64.whl", hash = "sha256:ee0a36edd332ed2c5208565ae6e3a7afc0eabb53f5327e281f2ef03a6bc7687a"},
    {file = "mypy-0.950-cp38-cp38-macosx_11_0_arm64.whl", hash = "sha256:77423570c04aca807508a492037abbd72b12a1fb25a385847d191cd50b2c9605"},
    {file = "mypy-0.950-cp38-cp38-manylinux_2_5_x86_64.manylinux1_x86_64.manylinux_2_12_x86_64.manylinux2010_x86_64.whl", hash = "sha256:5ce6a09042b6da16d773d2110e44f169683d8cc8687e79ec6d1181a72cb028d2"},
    {file = "mypy-0.950-cp38-cp38-win_amd64.whl", hash = "sha256:5b231afd6a6e951381b9ef09a1223b1feabe13625388db48a8690f8daa9b71ff"},
    {file = "mypy-0.950-cp39-cp39-macosx_10_9_universal2.whl", hash = "sha256:0384d9f3af49837baa92f559d3fa673e6d2652a16550a9ee07fc08c736f5e6f8"},
    {file = "mypy-0.950-cp39-cp39-macosx_10_9_x86_64.whl", hash = "sha256:1fdeb0a0f64f2a874a4c1f5271f06e40e1e9779bf55f9567f149466fc7a55038"},
    {file = "mypy-0.950-cp39-cp39-macosx_11_0_arm64.whl", hash = "sha256:61504b9a5ae166ba5ecfed9e93357fd51aa693d3d434b582a925338a2ff57fd2"},
    {file = "mypy-0.950-cp39-cp39-manylinux_2_5_x86_64.manylinux1_x86_64.manylinux_2_12_x86_64.manylinux2010_x86_64.whl", hash = "sha256:a952b8bc0ae278fc6316e6384f67bb9a396eb30aced6ad034d3a76120ebcc519"},
    {file = "mypy-0.950-cp39-cp39-win_amd64.whl", hash = "sha256:eaea21d150fb26d7b4856766e7addcf929119dd19fc832b22e71d942835201ef"},
    {file = "mypy-0.950-py3-none-any.whl", hash = "sha256:a4d9898f46446bfb6405383b57b96737dcfd0a7f25b748e78ef3e8c576bba3cb"},
    {file = "mypy-0.950.tar.gz", hash = "sha256:1b333cfbca1762ff15808a0ef4f71b5d3eed8528b23ea1c3fb50543c867d68de"},
]
mypy-extensions = [
    {file = "mypy_extensions-0.4.3-py2.py3-none-any.whl", hash = "sha256:090fedd75945a69ae91ce1303b5824f428daf5a028d2f6ab8a299250a846f15d"},
    {file = "mypy_extensions-0.4.3.tar.gz", hash = "sha256:2d82818f5bb3e369420cb3c4060a7970edba416647068eb4c5343488a6c604a8"},
]
six = [
    {file = "six-1.16.0-py2.py3-none-any.whl", hash = "sha256:8abb2f1d86890a2dfb989f9a77cfcfd3e47c2a354b01111771326f8aa26e0254"},
    {file = "six-1.16.0.tar.gz", hash = "sha256:1e61c37477a1626458e36f7b1d82aa5c9b094fa4802892072e49de9c60c4c926"},
]
tomli = [
    {file = "tomli-2.0.0-py3-none-any.whl", hash = "sha256:b5bde28da1fed24b9bd1d4d2b8cba62300bfb4ec9a6187a957e8ddb9434c5224"},
    {file = "tomli-2.0.0.tar.gz", hash = "sha256:c292c34f58502a1eb2bbb9f5bbc9a5ebc37bee10ffb8c2d6bbdfa8eb13cc14e1"},
]
typing-extensions = [
    {file = "typing_extensions-3.10.0.0-py2-none-any.whl", hash = "sha256:0ac0f89795dd19de6b97debb0c6af1c70987fd80a2d62d1958f7e56fcc31b497"},
    {file = "typing_extensions-3.10.0.0-py3-none-any.whl", hash = "sha256:779383f6086d90c99ae41cf0ff39aac8a7937a9283ce0a414e5dd782f4c94a84"},
    {file = "typing_extensions-3.10.0.0.tar.gz", hash = "sha256:50b6f157849174217d0656f99dc82fe932884fb250826c18350e159ec6cdf342"},
]
zstd = [
    {file = "zstd-1.5.2.5-cp27-cp27m-macosx_10_15_x86_64.whl", hash = "sha256:6de940c43a74613542df47ab0aa38bbcb694e32a838ade2900a6436040f692a1"},
    {file = "zstd-1.5.2.5-cp27-cp27m-manylinux1_i686.whl", hash = "sha256:76b41f63f6112fb779b30e1712e3103a62280622bf3540edb1b108ee617bfc20"},
    {file = "zstd-1.5.2.5-cp27-cp27m-manylinux1_x86_64.whl", hash = "sha256:9c836caca292d8653c2bb71eaefcda5aa5c87de0e2a748111e6861d4f79011f1"},
    {file = "zstd-1.5.2.5-cp27-cp27mu-manylinux1_i686.whl", hash = "sha256:0fde23ead8df6ca5317f61cc999c9afbba202922504cf7094dab023803bf1ede"},
    {file = "zstd-1.5.2.5-cp27-cp27mu-manylinux1_x86_64.whl", hash = "sha256:04ec06e4949eddf7240f0d30bca2b4c14732f8b4c74e876f298b401dc26c5f35"},
    {file = "zstd-1.5.2.5-cp310-cp310-macosx_10_15_x86_64.whl", hash = "sha256:7a835427e83ee1af7005c046d993c07deb29f4ff58ae721fe5238016032ec835"},
    {file = "zstd-1.5.2.5-cp310-cp310-macosx_11_0_arm64.whl", hash = "sha256:84855323a748109300596a2aa97c023d7b0a32186451b6865288d108dc55d883"},
    {file = "zstd-1.5.2.5-cp310-cp310-manylinux_2_17_aarch64.manylinux2014_aarch64.whl", hash = "sha256:92d1854bdb11bd739fa1a4a379d6e737c004cdfd5d1a27fa76c6d8e399a4010e"},
    {file = "zstd-1.5.2.5-cp310-cp310-manylinux_2_17_x86_64.manylinux2014_x86_64.whl", hash = "sha256:8022460ca4eed52af844c287fd47a19a474fee0cc7df92406e61db4eb7e6724f"},
    {file = "zstd-1.5.2.5-cp310-cp310-manylinux_2_5_i686.manylinux1_i686.manylinux_2_17_i686.manylinux2014_i686.whl", hash = "sha256:3caf35282177731ba7d2813d9abae7d2a2b02dd0b0db07051c4cd1b1847c9a74"},
    {file = "zstd-1.5.2.5-cp310-cp310-musllinux_1_1_aarch64.whl", hash = "sha256:19a46f6c6a628df9c0e0b5880d137207c58198484e2d9263bad1df6ed88be62e"},
    {file = "zstd-1.5.2.5-cp310-cp310-musllinux_1_1_i686.whl", hash = "sha256:619a8b113534f84426212a808b686004f72e4e3253e528ca53bdb4e9d9d7edea"},
    {file = "zstd-1.5.2.5-cp310-cp310-musllinux_1_1_x86_64.whl", hash = "sha256:9b3b4a138b92845a8d75d46917e6643870da72adbe35f6f8aa0200601325af12"},
    {file = "zstd-1.5.2.5-cp310-cp310-win32.whl", hash = "sha256:ff467c245831a570092505c9e20a0332c1638b25f135a500c51bfeb871b36c30"},
    {file = "zstd-1.5.2.5-cp310-cp310-win_amd64.whl", hash = "sha256:38e218dd8d6ef1b0a3ae138dd04ed6b0ba947a2b9f28099e0327a2ed5d3bb5dc"},
    {file = "zstd-1.5.2.5-cp35-cp35m-macosx_10_15_x86_64.whl", hash = "sha256:0b7cc9341028bf921ab51bc1e2ea2603162d921f1573828092ffbb0d7824c473"},
    {file = "zstd-1.5.2.5-cp35-cp35m-manylinux1_i686.whl", hash = "sha256:61a53d68f1dde379de8fafc729f4908a68fd3942df6a62ce83cd1666af2f23a3"},
    {file = "zstd-1.5.2.5-cp35-cp35m-manylinux1_x86_64.whl", hash = "sha256:307a230d92c6add7754bfe74a617cf0a7ae748b92c2cd73d3c624b16a175b159"},
    {file = "zstd-1.5.2.5-cp35-cp35m-win32.whl", hash = "sha256:81686220f82b9fe164afcbca684958d12cf7c6d4a7b9e795c74069d62a2e3c61"},
    {file = "zstd-1.5.2.5-cp35-cp35m-win_amd64.whl", hash = "sha256:4e236ca99fbdf3d4431df6aed924e67611cc09dd1b442eb7251c77a127ab3521"},
    {file = "zstd-1.5.2.5-cp36-cp36m-macosx_10_15_x86_64.whl", hash = "sha256:d84d760db5f0ca8ca7f1325317d6377112ee6bc759f3fa8eaa9e89552cfb2ebc"},
    {file = "zstd-1.5.2.5-cp36-cp36m-manylinux1_i686.whl", hash = "sha256:e8f3e667bbe1d9d41bc0f442f6f769eef81bdfdc37ad919d99ac322512a68cb5"},
    {file = "zstd-1.5.2.5-cp36-cp36m-manylinux1_x86_64.whl", hash = "sha256:f43136348157ab35514c7f1be2e8381f98e3ad39542fd946b445aa70b32ffeed"},
    {file = "zstd-1.5.2.5-cp36-cp36m-win32.whl", hash = "sha256:3091a834532adf4a847a317de9a35b241996b65d1d5c5160e3dbb3f6ab3041ab"},
    {file = "zstd-1.5.2.5-cp36-cp36m-win_amd64.whl", hash = "sha256:1232a874ff35afb1914b7aac39437dd0cfa174336c5b00b749ac1bc076036e55"},
    {file = "zstd-1.5.2.5-cp37-cp37m-macosx_10_15_x86_64.whl", hash = "sha256:f26c9af1959cdc8ffb75f2146f3605accd4c0dcd295f73dd2bae26053841ec7c"},
    {file = "zstd-1.5.2.5-cp37-cp37m-manylinux_2_17_aarch64.manylinux2014_aarch64.whl", hash = "sha256:fa5f0e5f33bd35b5fc1ef70237d72fce388128a78be9728f687508589d414d05"},
    {file = "zstd-1.5.2.5-cp37-cp37m-manylinux_2_17_x86_64.manylinux2014_x86_64.whl", hash = "sha256:b36f0f6e052ac5de880db659ce325a6dfe92ad51492f0e38e3799d9ffa3c6225"},
    {file = "zstd-1.5.2.5-cp37-cp37m-manylinux_2_5_i686.manylinux1_i686.manylinux_2_17_i686.manylinux2014_i686.whl", hash = "sha256:b4eb4ad8c31a46434c319d2e6d6528c459415bea46a1d7640f76544225023508"},
    {file = "zstd-1.5.2.5-cp37-cp37m-musllinux_1_1_aarch64.whl", hash = "sha256:174fcd01ffe0368b50b214dc0400791e8585e4c5cc8afdbf9ea5625a2751871d"},
    {file = "zstd-1.5.2.5-cp37-cp37m-musllinux_1_1_i686.whl", hash = "sha256:c9d41add9883b132992e257dc36714d835218ccd476e806914a5f32b09dce9dd"},
    {file = "zstd-1.5.2.5-cp37-cp37m-musllinux_1_1_x86_64.whl", hash = "sha256:cd292671fb87d8e0720876bbaa5e752870d46daaab3ffca8d954f7ba68e0e763"},
    {file = "zstd-1.5.2.5-cp37-cp37m-win32.whl", hash = "sha256:8e9f6504f71f1db0a29597a1e22f36270d40b7b7bc3398cf89c5412487fe92b3"},
    {file = "zstd-1.5.2.5-cp37-cp37m-win_amd64.whl", hash = "sha256:b9f0eb8ae99b7c309c2da9ff426c70162f1fdd44b6502c6410ab9a926da055d2"},
    {file = "zstd-1.5.2.5-cp38-cp38-macosx_10_15_x86_64.whl", hash = "sha256:40027b3a910ba850c5f12b3267d393a445e587b49f145cbad529d7bf3476a5d9"},
    {file = "zstd-1.5.2.5-cp38-cp38-macosx_11_0_arm64.whl", hash = "sha256:5b1d5fb99eded553f5603c34bbc806aa43ed5ed0fc7b15643a2e27cee7033afe"},
    {file = "zstd-1.5.2.5-cp38-cp38-manylinux_2_17_aarch64.manylinux2014_aarch64.whl", hash = "sha256:ebd8beff80347222c174d2e08e36c595d269c61c1e618a4918bfeb74e0169576"},
    {file = "zstd-1.5.2.5-cp38-cp38-manylinux_2_17_x86_64.manylinux2014_x86_64.whl", hash = "sha256:49c0dc1c00152fe7c95ccb4e278e8cf5b01f8c2f69da7b64db29505e581ade52"},
    {file = "zstd-1.5.2.5-cp38-cp38-manylinux_2_5_i686.manylinux1_i686.manylinux_2_17_i686.manylinux2014_i686.whl", hash = "sha256:97e8cc8a0887589ac3aa23ef71070552854887d4797411e52f84ff76304f0124"},
    {file = "zstd-1.5.2.5-cp38-cp38-musllinux_1_1_aarch64.whl", hash = "sha256:dc632c13fa405cbe68dc7bd4f0b85ce168c9ebe75cffdf2a8b62e66be63c77ae"},
    {file = "zstd-1.5.2.5-cp38-cp38-musllinux_1_1_i686.whl", hash = "sha256:6e3399d46cda079501792159a0698f3adc489633d187a0b831edf58833063df0"},
    {file = "zstd-1.5.2.5-cp38-cp38-musllinux_1_1_x86_64.whl", hash = "sha256:6a78ae17a10d8e3d140be0baa4ee4f0c1bc32bd452637ccebcf44837b1093643"},
    {file = "zstd-1.5.2.5-cp38-cp38-win32.whl", hash = "sha256:68a1a76fa0d638149dd873920a1747f30fb2eedc90676505b6d2bd9f0a1324c7"},
    {file = "zstd-1.5.2.5-cp38-cp38-win_amd64.whl", hash = "sha256:1d58cbb316a8ef81a99301898e97fb62759db02e9972fba071326312db0bad63"},
    {file = "zstd-1.5.2.5-cp39-cp39-macosx_10_15_x86_64.whl", hash = "sha256:b187450218a46d2a462e079abec734fff81d125ff0716e9bac3566a165264128"},
    {file = "zstd-1.5.2.5-cp39-cp39-macosx_11_0_arm64.whl", hash = "sha256:6c1b22f42540acc5ccbd166bef7132a08e539b68c81a50663db62e833545f13a"},
    {file = "zstd-1.5.2.5-cp39-cp39-manylinux_2_17_aarch64.manylinux2014_aarch64.whl", hash = "sha256:5668dd83e9f4a48254922491f4b414d066677d6e83049f4e1b5900d6e97c10e3"},
    {file = "zstd-1.5.2.5-cp39-cp39-manylinux_2_17_x86_64.manylinux2014_x86_64.whl", hash = "sha256:ec625b6ae0cce4d8ce6979f77e54df4e775315d5441072827f8a9efe95053930"},
    {file = "zstd-1.5.2.5-cp39-cp39-manylinux_2_5_i686.manylinux1_i686.manylinux_2_17_i686.manylinux2014_i686.whl", hash = "sha256:72a3d013cdaa938bfa53c33b6f29b6a1dcb23729e44b598e2473f51e9e447445"},
    {file = "zstd-1.5.2.5-cp39-cp39-musllinux_1_1_aarch64.whl", hash = "sha256:c08357efea70028495048adf6852c859e7d97a3fb223a1a70579a56d4f8bfdd0"},
    {file = "zstd-1.5.2.5-cp39-cp39-musllinux_1_1_i686.whl", hash = "sha256:ea6a7296ae40cf818d5f876180dc82baf4e947a7d68f62752cf8834bea655cda"},
    {file = "zstd-1.5.2.5-cp39-cp39-musllinux_1_1_x86_64.whl", hash = "sha256:d35e13f16026bca6e1fba578932266f0db95e7852ec4d550ecc072e21797cd9f"},
    {file = "zstd-1.5.2.5-cp39-cp39-win32.whl", hash = "sha256:7f62d6d4462973ae9ec4f7b7bba77fca420534bec21429f2b1f84b9b5121b586"},
    {file = "zstd-1.5.2.5-cp39-cp39-win_amd64.whl", hash = "sha256:56249f0fbf8f3b527780cc185536e67fc452a27c4974a5ad15e93a97993f0416"},
    {file = "zstd-1.5.2.5-pp27-pypy_73-macosx_10_15_x86_64.whl", hash = "sha256:5600b3ef8cf494e5dfa01e159c6e4e0af37a1d396974a9fedd811721b4a9cac3"},
    {file = "zstd-1.5.2.5-pp27-pypy_73-manylinux1_x86_64.whl", hash = "sha256:d8df1500f88d901f04ec173e64a4fb56234333b7536c952d88364262894e6a97"},
    {file = "zstd-1.5.2.5-pp27-pypy_73-manylinux2010_x86_64.whl", hash = "sha256:2735d3a22dce8b6cf7d9df24a7af476fc5378b86fd252e6e5f741ec8f6334ebe"},
    {file = "zstd-1.5.2.5-pp36-pypy36_pp73-macosx_10_15_x86_64.whl", hash = "sha256:3b606f1ee53ba3ff71341eb4eddc7904956fa2a5b5566fea57ab1f691cc44eb0"},
    {file = "zstd-1.5.2.5-pp36-pypy36_pp73-manylinux1_x86_64.whl", hash = "sha256:1aa45b90aef21b5f5b76317be026c992805037f2b81273865739ba7add6627e8"},
    {file = "zstd-1.5.2.5-pp36-pypy36_pp73-manylinux2010_x86_64.whl", hash = "sha256:19f06d8d200bcc28fc266ef4053cb77a1dd662dbd94ae9bcd1a357d189542a21"},
    {file = "zstd-1.5.2.5-pp36-pypy36_pp73-win32.whl", hash = "sha256:cc891fed1d6b6fa7d6c97277d6b2463dfa108f61fdc8ad9e6159b7c840f5d592"},
    {file = "zstd-1.5.2.5-pp37-pypy37_pp73-macosx_10_15_x86_64.whl", hash = "sha256:4bdcac9bf961ff0914745cbef73f9db5a57781771cf6ac82da672415f0ae9fdd"},
    {file = "zstd-1.5.2.5-pp37-pypy37_pp73-manylinux_2_17_aarch64.manylinux2014_aarch64.whl", hash = "sha256:40433361f19e349ef595177eeefd8b9f6119b5e581e46cc5069457110dd2b604"},
    {file = "zstd-1.5.2.5-pp37-pypy37_pp73-manylinux_2_17_x86_64.manylinux2014_x86_64.whl", hash = "sha256:84c755f9fb5fe0e1fd38f9720f19c085d957f82e51c1f629b4e2b9f8b3ff7299"},
    {file = "zstd-1.5.2.5-pp37-pypy37_pp73-manylinux_2_5_i686.manylinux1_i686.manylinux_2_17_i686.manylinux2014_i686.whl", hash = "sha256:3bc8e1d41813b8df2d86dbb77fdf45563858014fbfcac79a30550d474a9c339a"},
    {file = "zstd-1.5.2.5-pp37-pypy37_pp73-win_amd64.whl", hash = "sha256:ec248525b377c02f03590efc9ad07b18a567bfcb8629c5136c172d8a4b9d3782"},
    {file = "zstd-1.5.2.5-pp38-pypy38_pp73-macosx_10_15_x86_64.whl", hash = "sha256:0440339145a624703af10aee2329c357d5ea1040305b60852edefeade4f572d7"},
    {file = "zstd-1.5.2.5-pp38-pypy38_pp73-manylinux_2_17_aarch64.manylinux2014_aarch64.whl", hash = "sha256:299d260c21c5d3ec22d8b46b57ad62613d97d8caf82418f55a042d24fadd03aa"},
    {file = "zstd-1.5.2.5-pp38-pypy38_pp73-manylinux_2_17_x86_64.manylinux2014_x86_64.whl", hash = "sha256:970e841d9a79a6828504bea0d322825ffd3641af9a80a988dc186a15668c5530"},
    {file = "zstd-1.5.2.5-pp38-pypy38_pp73-manylinux_2_5_i686.manylinux1_i686.manylinux_2_17_i686.manylinux2014_i686.whl", hash = "sha256:9a811dc0bc737a99823ad3c993e2c01628323096b2db98d4d88f2da4e6d97fae"},
    {file = "zstd-1.5.2.5-pp38-pypy38_pp73-win_amd64.whl", hash = "sha256:565cbb491544b72e40c7996e752d9c415b3382d112e289d87205ba8cbe6073c7"},
    {file = "zstd-1.5.2.5-pp39-pypy39_pp73-macosx_10_15_x86_64.whl", hash = "sha256:4af294b5a0c636841dbc64a5947109e676a44032db8cc0015530252cea2302b0"},
    {file = "zstd-1.5.2.5-pp39-pypy39_pp73-manylinux_2_17_aarch64.manylinux2014_aarch64.whl", hash = "sha256:c112d368ebf614e319b36cf0c398b4e4d9e6fb585a44d1cb15ec4e7e6e02587d"},
    {file = "zstd-1.5.2.5-pp39-pypy39_pp73-manylinux_2_17_x86_64.manylinux2014_x86_64.whl", hash = "sha256:db839dc7af2dee800f409145d4280e2eac0c50cc361a0e3fc738f5ac51d18490"},
    {file = "zstd-1.5.2.5-pp39-pypy39_pp73-manylinux_2_5_i686.manylinux1_i686.manylinux_2_17_i686.manylinux2014_i686.whl", hash = "sha256:185141ed40980f901487d76d9096d9dca335a0b0d79ca00437f3343deb81687f"},
    {file = "zstd-1.5.2.5-pp39-pypy39_pp73-win_amd64.whl", hash = "sha256:4d5b9397bb63c4eb2a950b1b53a25842975fbe68435bd0b58733ade85fbf0ed8"},
    {file = "zstd-1.5.2.5.tar.gz", hash = "sha256:3c429b166a3b324b0983bff53ae0928b9764c693a017f62ffb6b20e6135e338f"},
]
